dependencies:
- name: rabbitmq
  repository: https://kubernetes-charts.storage.googleapis.com/
  version: 4.0.1
- name: postgresql
  repository: https://kubernetes-charts.storage.googleapis.com/
  version: 3.7.1
- name: memcached
  repository: https://kubernetes-charts.storage.googleapis.com/
  version: 2.4.0
digest: sha256:379dcc6fd9e88fbbb5ce8903557d4d470761ae91b37eac240d7836b061591dc9
generated: 2019-08-30T20:39:42.944612487+02:00
